
Microsoft Visual Studio Solution File, Format Version 12.00
Project("{FAE04EC0-301F-11D3-BF4B-00C04F79EFBC}") = "CryptoWebService.Domain", "CryptoWebService.Domain\CryptoWebService.Domain.csproj", "{B646A255-18A8-4EE2-B54C-92B059113F49}"
EndProject
Project("{FAE04EC0-301F-11D3-BF4B-00C04F79EFBC}") = "CryptoWebService.Application", "CryptoWebService.Application\CryptoWebService.Application.csproj", "{35E7AB2B-844E-4B55-8727-10F38B77F8D2}"
EndProject
Project("{FAE04EC0-301F-11D3-BF4B-00C04F79EFBC}") = "CryptoWebService.Infrastructure", "CryptoWebService.Infrastructure\CryptoWebService.Infrastructure.csproj", "{0EC0DA9E-BF1E-4488-BABE-0AD15289BACF}"
EndProject
Project("{FAE04EC0-301F-11D3-BF4B-00C04F79EFBC}") = "CryptoWebService.API", "CryptoWebService.API\CryptoWebService.API.csproj", "{E130D162-8BF5-4090-BE62-E342342872FC}"
EndProject
Project("{FAE04EC0-301F-11D3-BF4B-00C04F79EFBC}") = "CryptoWebService.Tests", "CryptoWebService.Tests\CryptoWebService.Tests.csproj", "{ED63EC76-C903-4745-9422-E2DCA61D6A9F}"
EndProject
Global
	GlobalSection(SolutionConfigurationPlatforms) = preSolution
		Debug|Any CPU = Debug|Any CPU
		Release|Any CPU = Release|Any CPU
	EndGlobalSection
	GlobalSection(ProjectConfigurationPlatforms) = postSolution
		{B646A255-18A8-4EE2-B54C-92B059113F49}.Debug|Any CPU.ActiveCfg = Debug|Any CPU
		{B646A255-18A8-4EE2-B54C-92B059113F49}.Debug|Any CPU.Build.0 = Debug|Any CPU
		{B646A255-18A8-4EE2-B54C-92B059113F49}.Release|Any CPU.ActiveCfg = Release|Any CPU
		{B646A255-18A8-4EE2-B54C-92B059113F49}.Release|Any CPU.Build.0 = Release|Any CPU
		{35E7AB2B-844E-4B55-8727-10F38B77F8D2}.Debug|Any CPU.ActiveCfg = Debug|Any CPU
		{35E7AB2B-844E-4B55-8727-10F38B77F8D2}.Debug|Any CPU.Build.0 = Debug|Any CPU
		{35E7AB2B-844E-4B55-8727-10F38B77F8D2}.Release|Any CPU.ActiveCfg = Release|Any CPU
		{35E7AB2B-844E-4B55-8727-10F38B77F8D2}.Release|Any CPU.Build.0 = Release|Any CPU
		{0EC0DA9E-BF1E-4488-BABE-0AD15289BACF}.Debug|Any CPU.ActiveCfg = Debug|Any CPU
		{0EC0DA9E-BF1E-4488-BABE-0AD15289BACF}.Debug|Any CPU.Build.0 = Debug|Any CPU
		{0EC0DA9E-BF1E-4488-BABE-0AD15289BACF}.Release|Any CPU.ActiveCfg = Release|Any CPU
		{0EC0DA9E-BF1E-4488-BABE-0AD15289BACF}.Release|Any CPU.Build.0 = Release|Any CPU
		{E130D162-8BF5-4090-BE62-E342342872FC}.Debug|Any CPU.ActiveCfg = Debug|Any CPU
		{E130D162-8BF5-4090-BE62-E342342872FC}.Debug|Any CPU.Build.0 = Debug|Any CPU
		{E130D162-8BF5-4090-BE62-E342342872FC}.Release|Any CPU.ActiveCfg = Release|Any CPU
		{E130D162-8BF5-4090-BE62-E342342872FC}.Release|Any CPU.Build.0 = Release|Any CPU
		{ED63EC76-C903-4745-9422-E2DCA61D6A9F}.Debug|Any CPU.ActiveCfg = Debug|Any CPU
		{ED63EC76-C903-4745-9422-E2DCA61D6A9F}.Debug|Any CPU.Build.0 = Debug|Any CPU
		{ED63EC76-C903-4745-9422-E2DCA61D6A9F}.Release|Any CPU.ActiveCfg = Release|Any CPU
		{ED63EC76-C903-4745-9422-E2DCA61D6A9F}.Release|Any CPU.Build.0 = Release|Any CPU
	EndGlobalSection
EndGlobal
